
Microsoft Visual Studio Solution File, Format Version 12.00
# Visual Studio Version 16
VisualStudioVersion = 16.0.31112.23
MinimumVisualStudioVersion = 10.0.40219.1
Project("{FAE04EC0-301F-11D3-BF4B-00C04F79EFBC}") = "PBL6", "PBL6\PBL6.csproj", "{EB114E6D-ADB8-4835-8C1C-A3991E540379}"
EndProject
Global
	GlobalSection(SolutionConfigurationPlatforms) = preSolution
		Debug|Any CPU = Debug|Any CPU
		Release|Any CPU = Release|Any CPU
	EndGlobalSection
	GlobalSection(ProjectConfigurationPlatforms) = postSolution
		{EB114E6D-ADB8-4835-8C1C-A3991E540379}.Debug|Any CPU.ActiveCfg = Debug|Any CPU
		{EB114E6D-ADB8-4835-8C1C-A3991E540379}.Debug|Any CPU.Build.0 = Debug|Any CPU
		{EB114E6D-ADB8-4835-8C1C-A3991E540379}.Release|Any CPU.ActiveCfg = Release|Any CPU
		{EB114E6D-ADB8-4835-8C1C-A3991E540379}.Release|Any CPU.Build.0 = Release|Any CPU
	EndGlobalSection
	GlobalSection(SolutionProperties) = preSolution
		HideSolutionNode = FALSE
	EndGlobalSection
	GlobalSection(ExtensibilityGlobals) = postSolution
		SolutionGuid = {E5DDD740-76C8-43FA-A0E9-B607E3EF5B93}
	EndGlobalSection
EndGlobal
